
Microsoft Visual Studio Solution File, Format Version 12.00
# Visual Studio 15
VisualStudioVersion = 15.0.28307.645
MinimumVisualStudioVersion = 10.0.40219.1
Project("{FAE04EC0-301F-11D3-BF4B-00C04F79EFBC}") = "TestSavedData", "TestSavedData\TestSavedData.csproj", "{782C7C14-7A4B-4256-B443-CF222B111D20}"
EndProject
Global
	GlobalSection(SolutionConfigurationPlatforms) = preSolution
		Debug|Any CPU = Debug|Any CPU
		Release|Any CPU = Release|Any CPU
	EndGlobalSection
	GlobalSection(ProjectConfigurationPlatforms) = postSolution
		{782C7C14-7A4B-4256-B443-CF222B111D20}.Debug|Any CPU.ActiveCfg = Debug|Any CPU
		{782C7C14-7A4B-4256-B443-CF222B111D20}.Debug|Any CPU.Build.0 = Debug|Any CPU
		{782C7C14-7A4B-4256-B443-CF222B111D20}.Release|Any CPU.ActiveCfg = Release|Any CPU
		{782C7C14-7A4B-4256-B443-CF222B111D20}.Release|Any CPU.Build.0 = Release|Any CPU
	EndGlobalSection
	GlobalSection(SolutionProperties) = preSolution
		HideSolutionNode = FALSE
	EndGlobalSection
	GlobalSection(ExtensibilityGlobals) = postSolution
		SolutionGuid = {AF216095-635D-41D9-B707-67BDDAA51FB7}
	EndGlobalSection
EndGlobal
